// !$*UTF8*$!
{
	archiveVersion = 1;
	classes = {
	};
	objectVersion = 55;
	objects = {

/* Begin PBXBuildFile section */
		03E87D922814BE1F00D5459A /* NumberMergeApp.swift in Sources */ = {isa = PBXBuildFile; fileRef = 03E87D912814BE1F00D5459A /* NumberMergeApp.swift */; };
		03E87D942814BE1F00D5459A /* ContentView.swift in Sources */ = {isa = PBXBuildFile; fileRef = 03E87D932814BE1F00D5459A /* ContentView.swift */; };
		03E87D962814BE2100D5459A /* Assets.xcassets in Resources */ = {isa = PBXBuildFile; fileRef = 03E87D952814BE2100D5459A /* Assets.xcassets */; };
		03E87D992814BE2100D5459A /* Preview Assets.xcassets in Resources */ = {isa = PBXBuildFile; fileRef = 03E87D982814BE2100D5459A /* Preview Assets.xcassets */; };
		03E87DA02814BFF200D5459A /* Grid.swift in Sources */ = {isa = PBXBuildFile; fileRef = 03E87D9F2814BFF200D5459A /* Grid.swift */; };
		03E87DA22814C93600D5459A /* Game.swift in Sources */ = {isa = PBXBuildFile; fileRef = 03E87DA12814C93600D5459A /* Game.swift */; };
		03E87DA4281535F600D5459A /* Zapfino.ttf in Resources */ = {isa = PBXBuildFile; fileRef = 03E87DA3281535F600D5459A /* Zapfino.ttf */; };
/* End PBXBuildFile section */

/* Begin PBXFileReference section */
		03E87D8E2814BE1F00D5459A /* NumberMerge.app */ = {isa = PBXFileReference; explicitFileType = wrapper.application; includeInIndex = 0; path = NumberMerge.app; sourceTree = BUILT_PRODUCTS_DIR; };
		03E87D912814BE1F00D5459A /* NumberMergeApp.swift */ = {isa = PBXFileReference; lastKnownFileType = sourcecode.swift; path = NumberMergeApp.swift; sourceTree = "<group>"; };
		03E87D932814BE1F00D5459A /* ContentView.swift */ = {isa = PBXFileReference; lastKnownFileType = sourcecode.swift; path = ContentView.swift; sourceTree = "<group>"; };
		03E87D952814BE2100D5459A /* Assets.xcassets */ = {isa = PBXFileReference; lastKnownFileType = folder.assetcatalog; path = Assets.xcassets; sourceTree = "<group>"; };
		03E87D982814BE2100D5459A /* Preview Assets.xcassets */ = {isa = PBXFileReference; lastKnownFileType = folder.assetcatalog; path = "Preview Assets.xcassets"; sourceTree = "<group>"; };
		03E87D9F2814BFF200D5459A /* Grid.swift */ = {isa = PBXFileReference; lastKnownFileType = sourcecode.swift; path = Grid.swift; sourceTree = "<group>"; };
		03E87DA12814C93600D5459A /* Game.swift */ = {isa = PBXFileReference; lastKnownFileType = sourcecode.swift; path = Game.swift; sourceTree = "<group>"; };
		03E87DA3281535F600D5459A /* Zapfino.ttf */ = {isa = PBXFileReference; lastKnownFileType = file; path = Zapfino.ttf; sourceTree = "<group>"; };
		03E87DA52815360C00D5459A /* Info.plist */ = {isa = PBXFileReference; lastKnownFileType = text.plist; path = Info.plist; sourceTree = "<group>"; };
/* End PBXFileReference section */

/* Begin PBXFrameworksBuildPhase section */
		03E87D8B2814BE1F00D5459A /* Frameworks */ = {
			isa = PBXFrameworksBuildPhase;
			buildActionMask = 2147483647;
			files = (
			);
			runOnlyForDeploymentPostprocessing = 0;
		};
/* End PBXFrameworksBuildPhase section */

/* Begin PBXGroup section */
		03E87D852814BE1F00D5459A = {
			isa = PBXGroup;
			children = (
				03E87D902814BE1F00D5459A /* NumberMerge */,
				03E87D8F2814BE1F00D5459A /* Products */,
			);
			sourceTree = "<group>";
		};
		03E87D8F2814BE1F00D5459A /* Products */ = {
			isa = PBXGroup;
			children = (
				03E87D8E2814BE1F00D5459A /* NumberMerge.app */,
			);
			name = Products;
			sourceTree = "<group>";
		};
		03E87D902814BE1F00D5459A /* NumberMerge */ = {
			isa = PBXGroup;
			children = (
				03E87DA52815360C00D5459A /* Info.plist */,
				03E87DA3281535F600D5459A /* Zapfino.ttf */,
				03E87D912814BE1F00D5459A /* NumberMergeApp.swift */,
				03E87D932814BE1F00D5459A /* ContentView.swift */,
				03E87D9F2814BFF200D5459A /* Grid.swift */,
				03E87DA12814C93600D5459A /* Game.swift */,
				03E87D952814BE2100D5459A /* Assets.xcassets */,
				03E87D972814BE2100D5459A /* Preview Content */,
			);
			path = NumberMerge;
			sourceTree = "<group>";
		};
		03E87D972814BE2100D5459A /* Preview Content */ = {
			isa = PBXGroup;
			children = (
				03E87D982814BE2100D5459A /* Preview Assets.xcassets */,
			);
			path = "Preview Content";
			sourceTree = "<group>";
		};
/* End PBXGroup section */

/* Begin PBXNativeTarget section */
		03E87D8D2814BE1F00D5459A /* NumberMerge */ = {
			isa = PBXNativeTarget;
			buildConfigurationList = 03E87D9C2814BE2100D5459A /* Build configuration list for PBXNativeTarget "NumberMerge" */;
			buildPhases = (
				03E87D8A2814BE1F00D5459A /* Sources */,
				03E87D8B2814BE1F00D5459A /* Frameworks */,
				03E87D8C2814BE1F00D5459A /* Resources */,
			);
			buildRules = (
			);
			dependencies = (
			);
			name = NumberMerge;
			productName = NumberMerge;
			productReference = 03E87D8E2814BE1F00D5459A /* NumberMerge.app */;
			productType = "com.apple.product-type.application";
		};
/* End PBXNativeTarget section */

/* Begin PBXProject section */
		03E87D862814BE1F00D5459A /* Project object */ = {
			isa = PBXProject;
			attributes = {
				BuildIndependentTargetsInParallel = 1;
				LastSwiftUpdateCheck = 1330;
				LastUpgradeCheck = 1330;
				TargetAttributes = {
					03E87D8D2814BE1F00D5459A = {
						CreatedOnToolsVersion = 13.3;
					};
				};
			};
			buildConfigurationList = 03E87D892814BE1F00D5459A /* Build configuration list for PBXProject "NumberMerge" */;
			compatibilityVersion = "Xcode 13.0";
			developmentRegion = en;
			hasScannedForEncodings = 0;
			knownRegions = (
				en,
				Base,
			);
			mainGroup = 03E87D852814BE1F00D5459A;
			productRefGroup = 03E87D8F2814BE1F00D5459A /* Products */;
			projectDirPath = "";
			projectRoot = "";
			targets = (
				03E87D8D2814BE1F00D5459A /* NumberMerge */,
			);
		};
/* End PBXProject section */

/* Begin PBXResourcesBuildPhase section */
		03E87D8C2814BE1F00D5459A /* Resources */ = {
			isa = PBXResourcesBuildPhase;
			buildActionMask = 2147483647;
			files = (
				03E87D992814BE2100D5459A /* Preview Assets.xcassets in Resources */,
				03E87DA4281535F600D5459A /* Zapfino.ttf in Resources */,
				03E87D962814BE2100D5459A /* Assets.xcassets in Resources */,
			);
			runOnlyForDeploymentPostprocessing = 0;
		};
/* End PBXResourcesBuildPhase section */

/* Begin PBXSourcesBuildPhase section */
		03E87D8A2814BE1F00D5459A /* Sources */ = {
			isa = PBXSourcesBuildPhase;
			buildActionMask = 2147483647;
			files = (
				03E87D942814BE1F00D5459A /* ContentView.swift in Sources */,
				03E87DA02814BFF200D5459A /* Grid.swift in Sources */,
				03E87DA22814C93600D5459A /* Game.swift in Sources */,
				03E87D922814BE1F00D5459A /* NumberMergeApp.swift in Sources */,
			);
			runOnlyForDeploymentPostprocessing = 0;
		};
/* End PBXSourcesBuildPhase section */

/* Begin XCBuildConfiguration section */
		03E87D9A2814BE2100D5459A /* Debug */ = {
			isa = XCBuildConfiguration;
			buildSettings = {
				ALWAYS_SEARCH_USER_PATHS = NO;
				CLANG_ANALYZER_NONNULL = YES;
				CLANG_ANALYZER_NUMBER_OBJECT_CONVERSION = YES_AGGRESSIVE;
				CLANG_CXX_LANGUAGE_STANDARD = "gnu++17";
				CLANG_ENABLE_MODULES = YES;
				CLANG_ENABLE_OBJC_ARC = YES;
				CLANG_ENABLE_OBJC_WEAK = YES;
				CLANG_WARN_BLOCK_CAPTURE_AUTORELEASING = YES;
				CLANG_WARN_BOOL_CONVERSION = YES;
				CLANG_WARN_COMMA = YES;
				CLANG_WARN_CONSTANT_CONVERSION = YES;
				CLANG_WARN_DEPRECATED_OBJC_IMPLEMENTATIONS = YES;
				CLANG_WARN_DIRECT_OBJC_ISA_USAGE = YES_ERROR;
				CLANG_WARN_DOCUMENTATION_COMMENTS = YES;
				CLANG_WARN_EMPTY_BODY = YES;
				CLANG_WARN_ENUM_CONVERSION = YES;
				CLANG_WARN_INFINITE_RECURSION = YES;
				CLANG_WARN_INT_CONVERSION = YES;
				CLANG_WARN_NON_LITERAL_NULL_CONVERSION = YES;
				CLANG_WARN_OBJC_IMPLICIT_RETAIN_SELF = YES;
				CLANG_WARN_OBJC_LITERAL_CONVERSION = YES;
				CLANG_WARN_OBJC_ROOT_CLASS = YES_ERROR;
				CLANG_WARN_QUOTED_INCLUDE_IN_FRAMEWORK_HEADER = YES;
				CLANG_WARN_RANGE_LOOP_ANALYSIS = YES;
				CLANG_WARN_STRICT_PROTOTYPES = YES;
				CLANG_WARN_SUSPICIOUS_MOVE = YES;
				CLANG_WARN_UNGUARDED_AVAILABILITY = YES_AGGRESSIVE;
				CLANG_WARN_UNREACHABLE_CODE = YES;
				CLANG_WARN__DUPLICATE_METHOD_MATCH = YES;
				COPY_PHASE_STRIP = NO;
				DEBUG_INFORMATION_FORMAT = dwarf;
				ENABLE_STRICT_OBJC_MSGSEND = YES;
				ENABLE_TESTABILITY = YES;
				GCC_C_LANGUAGE_STANDARD = gnu11;
				GCC_DYNAMIC_NO_PIC = NO;
				GCC_NO_COMMON_BLOCKS = YES;
				GCC_OPTIMIZATION_LEVEL = 0;
				GCC_PREPROCESSOR_DEFINITIONS = (
					"DEBUG=1",
					"$(inherited)",
				);
				GCC_WARN_64_TO_32_BIT_CONVERSION = YES;
				GCC_WARN_ABOUT_RETURN_TYPE = YES_ERROR;
				GCC_WARN_UNDECLARED_SELECTOR = YES;
				GCC_WARN_UNINITIALIZED_AUTOS = YES_AGGRESSIVE;
				GCC_WARN_UNUSED_FUNCTION = YES;
				GCC_WARN_UNUSED_VARIABLE = YES;
				IPHONEOS_DEPLOYMENT_TARGET = 15.4;
				MTL_ENABLE_DEBUG_INFO = INCLUDE_SOURCE;
				MTL_FAST_MATH = YES;
				ONLY_ACTIVE_ARCH = YES;
				SDKROOT = iphoneos;
				SWIFT_ACTIVE_COMPILATION_CONDITIONS = DEBUG;
				SWIFT_OPTIMIZATION_LEVEL = "-Onone";
			};
			name = Debug;
		};
		03E87D9B2814BE2100D5459A /* Release */ = {
			isa = XCBuildConfiguration;
			buildSettings = {
				ALWAYS_SEARCH_USER_PATHS = NO;
				CLANG_ANALYZER_NONNULL = YES;
				CLANG_ANALYZER_NUMBER_OBJECT_CONVERSION = YES_AGGRESSIVE;
				CLANG_CXX_LANGUAGE_STANDARD = "gnu++17";
				CLANG_ENABLE_MODULES = YES;
				CLANG_ENABLE_OBJC_ARC = YES;
				CLANG_ENABLE_OBJC_WEAK = YES;
				CLANG_WARN_BLOCK_CAPTURE_AUTORELEASING = YES;
				CLANG_WARN_BOOL_CONVERSION = YES;
				CLANG_WARN_COMMA = YES;
				CLANG_WARN_CONSTANT_CONVERSION = YES;
				CLANG_WARN_DEPRECATED_OBJC_IMPLEMENTATIONS = YES;
				CLANG_WARN_DIRECT_OBJC_ISA_USAGE = YES_ERROR;
				CLANG_WARN_DOCUMENTATION_COMMENTS = YES;
				CLANG_WARN_EMPTY_BODY = YES;
				CLANG_WARN_ENUM_CONVERSION = YES;
				CLANG_WARN_INFINITE_RECURSION = YES;
				CLANG_WARN_INT_CONVERSION = YES;
				CLANG_WARN_NON_LITERAL_NULL_CONVERSION = YES;
				CLANG_WARN_OBJC_IMPLICIT_RETAIN_SELF = YES;
				CLANG_WARN_OBJC_LITERAL_CONVERSION = YES;
				CLANG_WARN_OBJC_ROOT_CLASS = YES_ERROR;
				CLANG_WARN_QUOTED_INCLUDE_IN_FRAMEWORK_HEADER = YES;
				CLANG_WARN_RANGE_LOOP_ANALYSIS = YES;
				CLANG_WARN_STRICT_PROTOTYPES = YES;
				CLANG_WARN_SUSPICIOUS_MOVE = YES;
				CLANG_WARN_UNGUARDED_AVAILABILITY = YES_AGGRESSIVE;
				CLANG_WARN_UNREACHABLE_CODE = YES;
				CLANG_WARN__DUPLICATE_METHOD_MATCH = YES;
				COPY_PHASE_STRIP = NO;
				DEBUG_INFORMATION_FORMAT = "dwarf-with-dsym";
				ENABLE_NS_ASSERTIONS = NO;
				ENABLE_STRICT_OBJC_MSGSEND = YES;
				GCC_C_LANGUAGE_STANDARD = gnu11;
				GCC_NO_COMMON_BLOCKS = YES;
				GCC_WARN_64_TO_32_BIT_CONVERSION = YES;
				GCC_WARN_ABOUT_RETURN_TYPE = YES_ERROR;
				GCC_WARN_UNDECLARED_SELECTOR = YES;
				GCC_WARN_UNINITIALIZED_AUTOS = YES_AGGRESSIVE;
				GCC_WARN_UNUSED_FUNCTION = YES;
				GCC_WARN_UNUSED_VARIABLE = YES;
				IPHONEOS_DEPLOYMENT_TARGET = 15.4;
				MTL_ENABLE_DEBUG_INFO = NO;
				MTL_FAST_MATH = YES;
				SDKROOT = iphoneos;
				SWIFT_COMPILATION_MODE = wholemodule;
				SWIFT_OPTIMIZATION_LEVEL = "-O";
				VALIDATE_PRODUCT = YES;
			};
			name = Release;
		};
		03E87D9D2814BE2100D5459A /* Debug */ = {
			isa = XCBuildConfiguration;
			buildSettings = {
				ASSETCATALOG_COMPILER_APPICON_NAME = AppIcon;
				ASSETCATALOG_COMPILER_GLOBAL_ACCENT_COLOR_NAME = AccentColor;
				CODE_SIGN_STYLE = Automatic;
				CURRENT_PROJECT_VERSION = 1;
				DEVELOPMENT_ASSET_PATHS = "\"NumberMerge/Preview Content\"";
				DEVELOPMENT_TEAM = 963W6A297N;
				ENABLE_PREVIEWS = YES;
				GENERATE_INFOPLIST_FILE = YES;
				INFOPLIST_FILE = NumberMerge/Info.plist;
				INFOPLIST_KEY_UIApplicationSceneManifest_Generation = YES;
				INFOPLIST_KEY_UIApplicationSupportsIndirectInputEvents = YES;
				INFOPLIST_KEY_UISupportedInterfaceOrientations_iPad = "UIInterfaceOrientationPortrait UIInterfaceOrientationPortraitUpsideDown UIInterfaceOrientationLandscapeLeft UIInterfaceOrientationLandscapeRight";
				INFOPLIST_KEY_UISupportedInterfaceOrientations_iPhone = "UIInterfaceOrientationPortrait UIInterfaceOrientationLandscapeLeft UIInterfaceOrientationLandscapeRight";
				LD_RUNPATH_SEARCH_PATHS = (
					"$(inherited)",
					"@executable_path/Frameworks",
				);
				MARKETING_VERSION = 1.0;
				PRODUCT_BUNDLE_IDENTIFIER = com.ytchao.NumberMerge;
				PRODUCT_NAME = "$(TARGET_NAME)";
				SWIFT_EMIT_LOC_STRINGS = YES;
				SWIFT_VERSION = 5.0;
				TARGETED_DEVICE_FAMILY = "1,2";
			};
			name = Debug;
		};
		03E87D9E2814BE2100D5459A /* Release */ = {
			isa = XCBuildConfiguration;
			buildSettings = {
				ASSETCATALOG_COMPILER_APPICON_NAME = AppIcon;
				ASSETCATALOG_COMPILER_GLOBAL_ACCENT_COLOR_NAME = AccentColor;
				CODE_SIGN_STYLE = Automatic;
				CURRENT_PROJECT_VERSION = 1;
				DEVELOPMENT_ASSET_PATHS = "\"NumberMerge/Preview Content\"";
				DEVELOPMENT_TEAM = 963W6A297N;
				ENABLE_PREVIEWS = YES;
				GENERATE_INFOPLIST_FILE = YES;
				INFOPLIST_FILE = NumberMerge/Info.plist;
				INFOPLIST_KEY_UIApplicationSceneManifest_Generation = YES;
				INFOPLIST_KEY_UIApplicationSupportsIndirectInputEvents = YES;
				INFOPLIST_KEY_UISupportedInterfaceOrientations_iPad = "UIInterfaceOrientationPortrait UIInterfaceOrientationPortraitUpsideDown UIInterfaceOrientationLandscapeLeft UIInterfaceOrientationLandscapeRight";
				INFOPLIST_KEY_UISupportedInterfaceOrientations_iPhone = "UIInterfaceOrientationPortrait UIInterfaceOrientationLandscapeLeft UIInterfaceOrientationLandscapeRight";
				LD_RUNPATH_SEARCH_PATHS = (
					"$(inherited)",
					"@executable_path/Frameworks",
				);
				MARKETING_VERSION = 1.0;
				PRODUCT_BUNDLE_IDENTIFIER = com.ytchao.NumberMerge;
				PRODUCT_NAME = "$(TARGET_NAME)";
				SWIFT_EMIT_LOC_STRINGS = YES;
				SWIFT_VERSION = 5.0;
				TARGETED_DEVICE_FAMILY = "1,2";
			};
			name = Release;
		};
/* End XCBuildConfiguration section */

/* Begin XCConfigurationList section */
		03E87D892814BE1F00D5459A /* Build configuration list for PBXProject "NumberMerge" */ = {
			isa = XCConfigurationList;
			buildConfigurations = (
				03E87D9A2814BE2100D5459A /* Debug */,
				03E87D9B2814BE2100D5459A /* Release */,
			);
			defaultConfigurationIsVisible = 0;
			defaultConfigurationName = Release;
		};
		03E87D9C2814BE2100D5459A /* Build configuration list for PBXNativeTarget "NumberMerge" */ = {
			isa = XCConfigurationList;
			buildConfigurations = (
				03E87D9D2814BE2100D5459A /* Debug */,
				03E87D9E2814BE2100D5459A /* Release */,
			);
			defaultConfigurationIsVisible = 0;
			defaultConfigurationName = Release;
		};
/* End XCConfigurationList section */
	};
	rootObject = 03E87D862814BE1F00D5459A /* Project object */;
}
